<?xml version="1.0" encoding="utf-8"?>
<Project ToolsVersion="4.0" xmlns="http://schemas.microsoft.com/developer/msbuild/2003">
  <ItemGroup>
    <ClCompile Include="entry.cpp" />
    <ClCompile Include="hde\hde32.cpp" />
    <ClCompile Include="hde\hde64.cpp" />
  </ItemGroup>
  <ItemGroup>
    <ClInclude Include="def\def.hpp" />
    <ClInclude Include="utils\utils.hpp" />
    <ClInclude Include="def\request.hpp" />
    <ClInclude Include="init.hpp" />
    <ClInclude Include="def\ia32.hpp" />
    <ClInclude Include="mem\scan.hpp" />
    <ClInclude Include="mem\mem.hpp" />
    <ClInclude Include="mem\page_table.hpp" />
    <ClInclude Include="mem\phys.hpp" />
    <ClInclude Include="mem\detection.hpp" />
    <ClInclude Include="mem\hyperspace.hpp" />
    <ClInclude Include="mem\pt_hook.hpp" />
    <ClInclude Include="hde\hde.h" />
    <ClInclude Include="hde\hde_stdint.h" />
    <ClInclude Include="hde\hde32.h" />
    <ClInclude Include="hde\hde64.h" />
    <ClInclude Include="hde\table32.h" />
    <ClInclude Include="hde\table64.h" />
    <ClInclude Include="mem\validation.hpp" />
  </ItemGroup>
  <ItemGroup>
    <None Include="hde\LICENSE" />
  </ItemGroup>
</Project>